{
  "requires": true,
  "lockfileVersion": 1,
  "dependencies": {
    "netlify-cms-widget-file": {
      "version": "2.0.4",
      "resolved": "https://registry.npmjs.org/netlify-cms-widget-file/-/netlify-cms-widget-file-2.0.4.tgz",
      "integrity": "sha512-QLQIaB0t0HfFfBIJxywBQSDbDZvgoVGmKLvrNmY8oQyU6xR47HRO3Qr1xGQmJR161MDv6rnbDYPfiOYlCFepoQ==",
      "requires": {
        "uuid": "3.3.2"
      }
    },
    "uuid": {
      "version": "3.3.2",
      "resolved": "https://registry.npmjs.org/uuid/-/uuid-3.3.2.tgz",
      "integrity": "sha512-yXJmeNaw3DnnKAOKJE51sL/ZaYfWJRl1pK9dr19YFCu0ObS231AB1/LbqTKRAQ5kw8A90rA6fr4riOUpTZvQZA=="
    }
  }
}
